
Microsoft Visual Studio Solution File, Format Version 12.00
# Visual Studio Version 17
VisualStudioVersion = 17.0.31903.59
MinimumVisualStudioVersion = 10.0.40219.1
Project("{FAE04EC0-301F-11D3-BF4B-00C04F79EFBC}") = "Zynapse.Blazor.Server", "src/Zynapse.Blazor.Server\Zynapse.Blazor.Server.csproj", "{6A959807-9F7D-4AD7-8B52-03C873FFE049}"
EndProject
Project("{2150E333-8FDC-42A3-9474-1A3956D46DE8}") = "Solution Items", "Solution Items", "{332AB59A-8F36-43B4-982D-7B3206C45BE2}"
	ProjectSection(SolutionItems) = preProject
		.gitignore = .gitignore
		pr-build-validation.yml = .github/workflows/pr-build-validation.yml
								README.md = README.md
	EndProjectSection
EndProject
Project("{2150E333-8FDC-42A3-9474-1A3956D46DE8}") = "src", "src", "{ACB41E92-EE24-4129-98F9-71B77C301F38}"
EndProject
Global
	GlobalSection(SolutionConfigurationPlatforms) = preSolution
		Debug|Any CPU = Debug|Any CPU
		Release|Any CPU = Release|Any CPU
	EndGlobalSection
	GlobalSection(SolutionProperties) = preSolution
		HideSolutionNode = FALSE
	EndGlobalSection
	GlobalSection(ProjectConfigurationPlatforms) = postSolution
		{6A959807-9F7D-4AD7-8B52-03C873FFE049}.Debug|Any CPU.ActiveCfg = Debug|Any CPU
		{6A959807-9F7D-4AD7-8B52-03C873FFE049}.Debug|Any CPU.Build.0 = Debug|Any CPU
		{6A959807-9F7D-4AD7-8B52-03C873FFE049}.Release|Any CPU.ActiveCfg = Release|Any CPU
		{6A959807-9F7D-4AD7-8B52-03C873FFE049}.Release|Any CPU.Build.0 = Release|Any CPU
	EndGlobalSection
	GlobalSection(NestedProjects) = preSolution
		{6A959807-9F7D-4AD7-8B52-03C873FFE049} = {ACB41E92-EE24-4129-98F9-71B77C301F38}
	EndGlobalSection
EndGlobal
